
Microsoft Visual Studio Solution File, Format Version 12.00
# Visual Studio 15
VisualStudioVersion = 15.0.28307.645
MinimumVisualStudioVersion = 10.0.40219.1
Project("{2150E333-8FDC-42A3-9474-1A3956D46DE8}") = "Sevices", "Sevices", "{0D2858EE-6A14-4BD2-960E-BE81B21C4FAA}"
EndProject
Project("{2150E333-8FDC-42A3-9474-1A3956D46DE8}") = "apps", "apps", "{BC90FC5C-97A8-471A-AA99-36D74F0F0CF4}"
EndProject
Project("{2150E333-8FDC-42A3-9474-1A3956D46DE8}") = "Common", "Common", "{AD391F4C-F6FA-4C08-A41D-008BF8BB13CF}"
EndProject
Project("{FAE04EC0-301F-11D3-BF4B-00C04F79EFBC}") = "DevTask.MRZService.API", "DevTask.MRZService.API\DevTask.MRZService.API.csproj", "{ABF988DE-43CE-4953-8E9C-5DA4AF50F38C}"
EndProject
Project("{2150E333-8FDC-42A3-9474-1A3956D46DE8}") = "APIGateways", "APIGateways", "{703E4F02-DD95-42CE-9252-8E74A125D8A0}"
EndProject
Global
	GlobalSection(SolutionConfigurationPlatforms) = preSolution
		Debug|Any CPU = Debug|Any CPU
		Release|Any CPU = Release|Any CPU
	EndGlobalSection
	GlobalSection(ProjectConfigurationPlatforms) = postSolution
		{ABF988DE-43CE-4953-8E9C-5DA4AF50F38C}.Debug|Any CPU.ActiveCfg = Debug|Any CPU
		{ABF988DE-43CE-4953-8E9C-5DA4AF50F38C}.Debug|Any CPU.Build.0 = Debug|Any CPU
		{ABF988DE-43CE-4953-8E9C-5DA4AF50F38C}.Release|Any CPU.ActiveCfg = Release|Any CPU
		{ABF988DE-43CE-4953-8E9C-5DA4AF50F38C}.Release|Any CPU.Build.0 = Release|Any CPU
	EndGlobalSection
	GlobalSection(SolutionProperties) = preSolution
		HideSolutionNode = FALSE
	EndGlobalSection
	GlobalSection(NestedProjects) = preSolution
		{ABF988DE-43CE-4953-8E9C-5DA4AF50F38C} = {0D2858EE-6A14-4BD2-960E-BE81B21C4FAA}
	EndGlobalSection
	GlobalSection(ExtensibilityGlobals) = postSolution
		SolutionGuid = {4572A891-0FC9-4299-B40B-6EFB9893E99C}
	EndGlobalSection
EndGlobal
