
Microsoft Visual Studio Solution File, Format Version 12.00
# Visual Studio 15
VisualStudioVersion = 15.0.28307.645
MinimumVisualStudioVersion = 10.0.40219.1
Project("{2150E333-8FDC-42A3-9474-1A3956D46DE8}") = "apps", "apps", "{BC90FC5C-97A8-471A-AA99-36D74F0F0CF4}"
EndProject
Project("{2150E333-8FDC-42A3-9474-1A3956D46DE8}") = "Common", "Common", "{AD391F4C-F6FA-4C08-A41D-008BF8BB13CF}"
EndProject
Project("{2150E333-8FDC-42A3-9474-1A3956D46DE8}") = "APIGateways", "APIGateways", "{703E4F02-DD95-42CE-9252-8E74A125D8A0}"
EndProject
Project("{2150E333-8FDC-42A3-9474-1A3956D46DE8}") = "Services", "Services", "{4A8A8B56-1F27-480F-87AD-C9A878240B5E}"
EndProject
Project("{2150E333-8FDC-42A3-9474-1A3956D46DE8}") = "MRZService", "MRZService", "{A6F428A9-66E3-444E-AC9E-3E4C65611133}"
EndProject
Project("{2150E333-8FDC-42A3-9474-1A3956D46DE8}") = "KYCVerificationService", "KYCVerificationService", "{8617888D-9B1E-4B32-8840-C5E78CFA0765}"
EndProject
Project("{2150E333-8FDC-42A3-9474-1A3956D46DE8}") = "PersonInformationService", "PersonInformationService", "{1CEB6807-EB50-4128-B05F-A72799703D12}"
EndProject
Project("{9A19103F-16F7-4668-BE54-9A1E7A4F7556}") = "PersonInformation.API", "Services\PersonVerifcation.API\PersonInformation.API.csproj", "{09AD7905-F524-45E4-831A-00681B1BE8CC}"
EndProject
Project("{9A19103F-16F7-4668-BE54-9A1E7A4F7556}") = "KYCVerifcation.API", "Services\KYCVerifcation.API\KYCVerifcation.API.csproj", "{97807A5B-0E8B-489B-B40B-37F071FAAC58}"
EndProject
Project("{9A19103F-16F7-4668-BE54-9A1E7A4F7556}") = "DevTask.Common", "Common\DevTask.Common.csproj", "{281BE552-57D0-4A07-B416-B5AF1E118999}"
EndProject
Project("{9A19103F-16F7-4668-BE54-9A1E7A4F7556}") = "DevTask.MRZService.API", "Services\MRZService\DevTask.MRZService.API.csproj", "{9DFEE5CD-A68C-400F-9116-9B95128F7F04}"
EndProject
Project("{2150E333-8FDC-42A3-9474-1A3956D46DE8}") = "Test", "Test", "{6C49EA54-BAAE-4E74-A2CC-742210634F20}"
EndProject
Project("{9A19103F-16F7-4668-BE54-9A1E7A4F7556}") = "DevTask.MrzUnitTest", "Test\DevTask.MrzUnitTest\DevTask.MrzUnitTest.csproj", "{492C2FA1-40ED-499B-B548-BCA03DC98E77}"
EndProject
Global
	GlobalSection(SolutionConfigurationPlatforms) = preSolution
		Debug|Any CPU = Debug|Any CPU
		Release|Any CPU = Release|Any CPU
	EndGlobalSection
	GlobalSection(ProjectConfigurationPlatforms) = postSolution
		{09AD7905-F524-45E4-831A-00681B1BE8CC}.Debug|Any CPU.ActiveCfg = Debug|Any CPU
		{09AD7905-F524-45E4-831A-00681B1BE8CC}.Debug|Any CPU.Build.0 = Debug|Any CPU
		{09AD7905-F524-45E4-831A-00681B1BE8CC}.Release|Any CPU.ActiveCfg = Release|Any CPU
		{09AD7905-F524-45E4-831A-00681B1BE8CC}.Release|Any CPU.Build.0 = Release|Any CPU
		{97807A5B-0E8B-489B-B40B-37F071FAAC58}.Debug|Any CPU.ActiveCfg = Debug|Any CPU
		{97807A5B-0E8B-489B-B40B-37F071FAAC58}.Debug|Any CPU.Build.0 = Debug|Any CPU
		{97807A5B-0E8B-489B-B40B-37F071FAAC58}.Release|Any CPU.ActiveCfg = Release|Any CPU
		{97807A5B-0E8B-489B-B40B-37F071FAAC58}.Release|Any CPU.Build.0 = Release|Any CPU
		{281BE552-57D0-4A07-B416-B5AF1E118999}.Debug|Any CPU.ActiveCfg = Debug|Any CPU
		{281BE552-57D0-4A07-B416-B5AF1E118999}.Debug|Any CPU.Build.0 = Debug|Any CPU
		{281BE552-57D0-4A07-B416-B5AF1E118999}.Release|Any CPU.ActiveCfg = Release|Any CPU
		{281BE552-57D0-4A07-B416-B5AF1E118999}.Release|Any CPU.Build.0 = Release|Any CPU
		{9DFEE5CD-A68C-400F-9116-9B95128F7F04}.Debug|Any CPU.ActiveCfg = Debug|Any CPU
		{9DFEE5CD-A68C-400F-9116-9B95128F7F04}.Debug|Any CPU.Build.0 = Debug|Any CPU
		{9DFEE5CD-A68C-400F-9116-9B95128F7F04}.Release|Any CPU.ActiveCfg = Release|Any CPU
		{9DFEE5CD-A68C-400F-9116-9B95128F7F04}.Release|Any CPU.Build.0 = Release|Any CPU
		{492C2FA1-40ED-499B-B548-BCA03DC98E77}.Debug|Any CPU.ActiveCfg = Debug|Any CPU
		{492C2FA1-40ED-499B-B548-BCA03DC98E77}.Debug|Any CPU.Build.0 = Debug|Any CPU
		{492C2FA1-40ED-499B-B548-BCA03DC98E77}.Release|Any CPU.ActiveCfg = Release|Any CPU
		{492C2FA1-40ED-499B-B548-BCA03DC98E77}.Release|Any CPU.Build.0 = Release|Any CPU
	EndGlobalSection
	GlobalSection(SolutionProperties) = preSolution
		HideSolutionNode = FALSE
	EndGlobalSection
	GlobalSection(NestedProjects) = preSolution
		{A6F428A9-66E3-444E-AC9E-3E4C65611133} = {4A8A8B56-1F27-480F-87AD-C9A878240B5E}
		{8617888D-9B1E-4B32-8840-C5E78CFA0765} = {4A8A8B56-1F27-480F-87AD-C9A878240B5E}
		{1CEB6807-EB50-4128-B05F-A72799703D12} = {4A8A8B56-1F27-480F-87AD-C9A878240B5E}
		{09AD7905-F524-45E4-831A-00681B1BE8CC} = {1CEB6807-EB50-4128-B05F-A72799703D12}
		{97807A5B-0E8B-489B-B40B-37F071FAAC58} = {8617888D-9B1E-4B32-8840-C5E78CFA0765}
		{281BE552-57D0-4A07-B416-B5AF1E118999} = {AD391F4C-F6FA-4C08-A41D-008BF8BB13CF}
		{9DFEE5CD-A68C-400F-9116-9B95128F7F04} = {A6F428A9-66E3-444E-AC9E-3E4C65611133}
		{492C2FA1-40ED-499B-B548-BCA03DC98E77} = {6C49EA54-BAAE-4E74-A2CC-742210634F20}
	EndGlobalSection
	GlobalSection(ExtensibilityGlobals) = postSolution
		SolutionGuid = {4572A891-0FC9-4299-B40B-6EFB9893E99C}
	EndGlobalSection
EndGlobal
